
Microsoft Visual Studio Solution File, Format Version 12.00
# Visual Studio Version 16
VisualStudioVersion = 16.0.29509.3
MinimumVisualStudioVersion = 10.0.40219.1
Project("{FAE04EC0-301F-11D3-BF4B-00C04F79EFBC}") = "AudioLatencyTest", "AudioLatencyTest\AudioLatencyTest.csproj", "{847A5744-6D85-4A91-B10D-8EB429839596}"
EndProject
Global
	GlobalSection(SolutionConfigurationPlatforms) = preSolution
		Debug|Any CPU = Debug|Any CPU
		Release|Any CPU = Release|Any CPU
	EndGlobalSection
	GlobalSection(ProjectConfigurationPlatforms) = postSolution
		{847A5744-6D85-4A91-B10D-8EB429839596}.Debug|Any CPU.ActiveCfg = Debug|Any CPU
		{847A5744-6D85-4A91-B10D-8EB429839596}.Debug|Any CPU.Build.0 = Debug|Any CPU
		{847A5744-6D85-4A91-B10D-8EB429839596}.Release|Any CPU.ActiveCfg = Release|Any CPU
		{847A5744-6D85-4A91-B10D-8EB429839596}.Release|Any CPU.Build.0 = Release|Any CPU
	EndGlobalSection
	GlobalSection(SolutionProperties) = preSolution
		HideSolutionNode = FALSE
	EndGlobalSection
	GlobalSection(ExtensibilityGlobals) = postSolution
		SolutionGuid = {D7E37628-F115-4107-9A52-B1C70D05FAB3}
	EndGlobalSection
EndGlobal
